
Microsoft Visual Studio Solution File, Format Version 12.00
# Visual Studio Version 16
VisualStudioVersion = 16.0.31025.194
MinimumVisualStudioVersion = 10.0.40219.1
Project("{9A19103F-16F7-4668-BE54-9A1E7A4F7556}") = ".bank", ".bank.csproj", "{1207591A-2AA3-4F17-8FAE-EB4CE62009AA}"
EndProject
Global
	GlobalSection(SolutionConfigurationPlatforms) = preSolution
		Debug|Any CPU = Debug|Any CPU
		Release|Any CPU = Release|Any CPU
	EndGlobalSection
	GlobalSection(ProjectConfigurationPlatforms) = postSolution
		{1207591A-2AA3-4F17-8FAE-EB4CE62009AA}.Debug|Any CPU.ActiveCfg = Debug|Any CPU
		{1207591A-2AA3-4F17-8FAE-EB4CE62009AA}.Debug|Any CPU.Build.0 = Debug|Any CPU
		{1207591A-2AA3-4F17-8FAE-EB4CE62009AA}.Release|Any CPU.ActiveCfg = Release|Any CPU
		{1207591A-2AA3-4F17-8FAE-EB4CE62009AA}.Release|Any CPU.Build.0 = Release|Any CPU
	EndGlobalSection
	GlobalSection(SolutionProperties) = preSolution
		HideSolutionNode = FALSE
	EndGlobalSection
	GlobalSection(ExtensibilityGlobals) = postSolution
		SolutionGuid = {175B0160-DFC1-4C53-825F-090435C78DCF}
	EndGlobalSection
EndGlobal
